
Microsoft Visual Studio Solution File, Format Version 12.00
# Visual Studio Version 16
VisualStudioVersion = 16.0.31605.320
MinimumVisualStudioVersion = 10.0.40219.1
Project("{9A19103F-16F7-4668-BE54-9A1E7A4F7556}") = "WebMVC_Practice", "WebMVC_Practice.csproj", "{AD83424D-D7B5-41AC-B10C-B724B9170BA3}"
EndProject
Project("{9A19103F-16F7-4668-BE54-9A1E7A4F7556}") = "Models", "..\Models\Models.csproj", "{E0871B02-65AA-45FC-B910-0729AA3CB84E}"
EndProject
Project("{9A19103F-16F7-4668-BE54-9A1E7A4F7556}") = "Services", "..\Services\Services.csproj", "{59412CE5-DFC3-4FB5-96CE-CE2DE119274D}"
EndProject
Global
	GlobalSection(SolutionConfigurationPlatforms) = preSolution
		Debug|Any CPU = Debug|Any CPU
		Release|Any CPU = Release|Any CPU
	EndGlobalSection
	GlobalSection(ProjectConfigurationPlatforms) = postSolution
		{AD83424D-D7B5-41AC-B10C-B724B9170BA3}.Debug|Any CPU.ActiveCfg = Debug|Any CPU
		{AD83424D-D7B5-41AC-B10C-B724B9170BA3}.Debug|Any CPU.Build.0 = Debug|Any CPU
		{AD83424D-D7B5-41AC-B10C-B724B9170BA3}.Release|Any CPU.ActiveCfg = Release|Any CPU
		{AD83424D-D7B5-41AC-B10C-B724B9170BA3}.Release|Any CPU.Build.0 = Release|Any CPU
		{E0871B02-65AA-45FC-B910-0729AA3CB84E}.Debug|Any CPU.ActiveCfg = Debug|Any CPU
		{E0871B02-65AA-45FC-B910-0729AA3CB84E}.Debug|Any CPU.Build.0 = Debug|Any CPU
		{E0871B02-65AA-45FC-B910-0729AA3CB84E}.Release|Any CPU.ActiveCfg = Release|Any CPU
		{E0871B02-65AA-45FC-B910-0729AA3CB84E}.Release|Any CPU.Build.0 = Release|Any CPU
		{59412CE5-DFC3-4FB5-96CE-CE2DE119274D}.Debug|Any CPU.ActiveCfg = Debug|Any CPU
		{59412CE5-DFC3-4FB5-96CE-CE2DE119274D}.Debug|Any CPU.Build.0 = Debug|Any CPU
		{59412CE5-DFC3-4FB5-96CE-CE2DE119274D}.Release|Any CPU.ActiveCfg = Release|Any CPU
		{59412CE5-DFC3-4FB5-96CE-CE2DE119274D}.Release|Any CPU.Build.0 = Release|Any CPU
	EndGlobalSection
	GlobalSection(SolutionProperties) = preSolution
		HideSolutionNode = FALSE
	EndGlobalSection
	GlobalSection(ExtensibilityGlobals) = postSolution
		SolutionGuid = {BFBDCC81-8F96-4E6D-A1B7-D963F14C731A}
	EndGlobalSection
EndGlobal
